// !$*UTF8*$!
{
	archiveVersion = 1;
	classes = {
	};
	objectVersion = 51;
	objects = {

/* Begin PBXBuildFile section */
		0D00976C218BEB6100F4C86D /* Round Numbers.swift in Sources */ = {isa = PBXBuildFile; fileRef = 0D00976B218BEB6100F4C86D /* Round Numbers.swift */; };
		0D1DF572210F9E030011A273 /* Firebase Basic.swift in Sources */ = {isa = PBXBuildFile; fileRef = 0D1DF571210F9E030011A273 /* Firebase Basic.swift */; };
		0D29C3C421139BE00010AD95 /* User Defaults.swift in Sources */ = {isa = PBXBuildFile; fileRef = 0D29C3C321139BE00010AD95 /* User Defaults.swift */; };
		0D2F5C4121249B6600DA3A2E /* Views.swift in Sources */ = {isa = PBXBuildFile; fileRef = 0D2F5C4021249B6600DA3A2E /* Views.swift */; };
		0D3FDDF0212DF3F100EF1E78 /* Animate Circle.swift in Sources */ = {isa = PBXBuildFile; fileRef = 0D3FDDEF212DF3F100EF1E78 /* Animate Circle.swift */; };
		0D5776682138447F00A8806B /* Gradient View.swift in Sources */ = {isa = PBXBuildFile; fileRef = 0D5776672138447F00A8806B /* Gradient View.swift */; };
		0D6BE736215B424E005785D9 /* Function Declaration.swift in Sources */ = {isa = PBXBuildFile; fileRef = 0D6BE735215B424E005785D9 /* Function Declaration.swift */; };
		0DA6285B210F7F0E00277628 /* AppDelegate.swift in Sources */ = {isa = PBXBuildFile; fileRef = 0DA6285A210F7F0E00277628 /* AppDelegate.swift */; };
		0DA6285D210F7F0E00277628 /* ViewController.swift in Sources */ = {isa = PBXBuildFile; fileRef = 0DA6285C210F7F0E00277628 /* ViewController.swift */; };
		0DA62860210F7F0E00277628 /* Main.storyboard in Resources */ = {isa = PBXBuildFile; fileRef = 0DA6285E210F7F0E00277628 /* Main.storyboard */; };
		0DA62862210F7F0F00277628 /* Assets.xcassets in Resources */ = {isa = PBXBuildFile; fileRef = 0DA62861210F7F0F00277628 /* Assets.xcassets */; };
		0DA62865210F7F0F00277628 /* LaunchScreen.storyboard in Resources */ = {isa = PBXBuildFile; fileRef = 0DA62863210F7F0F00277628 /* LaunchScreen.storyboard */; };
		0DA6286D210F803B00277628 /* Network Call.swift in Sources */ = {isa = PBXBuildFile; fileRef = 0DA6286C210F803B00277628 /* Network Call.swift */; };
		0DA6286F210F809A00277628 /* Date Formatter.swift in Sources */ = {isa = PBXBuildFile; fileRef = 0DA6286E210F809A00277628 /* Date Formatter.swift */; };
		0DA62871210F856D00277628 /* Parse JSON.swift in Sources */ = {isa = PBXBuildFile; fileRef = 0DA62870210F856D00277628 /* Parse JSON.swift */; };
		0DA62873210F942000277628 /* Valid Email.swift in Sources */ = {isa = PBXBuildFile; fileRef = 0DA62872210F942000277628 /* Valid Email.swift */; };
		0DA62875210F971700277628 /* Realm Basic.swift in Sources */ = {isa = PBXBuildFile; fileRef = 0DA62874210F971700277628 /* Realm Basic.swift */; };
		0DEB04222113CB94000EC94D /* Segmented Control.swift in Sources */ = {isa = PBXBuildFile; fileRef = 0DEB04212113CB94000EC94D /* Segmented Control.swift */; };
		0DEB04422113D01D000EC94D /* Slider Control.swift in Sources */ = {isa = PBXBuildFile; fileRef = 0DEB04412113D01D000EC94D /* Slider Control.swift */; };
		84897B9025AFC1870079ED27 /* Binary Search.swift in Sources */ = {isa = PBXBuildFile; fileRef = 84897B8F25AFC1870079ED27 /* Binary Search.swift */; };
		9813EDD12294ABF500A938F1 /* Stack View.swift in Sources */ = {isa = PBXBuildFile; fileRef = 9813EDD02294ABF500A938F1 /* Stack View.swift */; };
		985AA3C8220CF9DF0088C5A8 /* Alert.swift in Sources */ = {isa = PBXBuildFile; fileRef = 985AA3C7220CF9DF0088C5A8 /* Alert.swift */; };
		98904631225F8C050091DE89 /* Segues.swift in Sources */ = {isa = PBXBuildFile; fileRef = 98904630225F8C050091DE89 /* Segues.swift */; };
		98A799EA22946C5D003CE7D4 /* Delegate Model.swift in Sources */ = {isa = PBXBuildFile; fileRef = 98A799E922946C5D003CE7D4 /* Delegate Model.swift */; };
		E7794563A02FAE970A5E61C1 /* Pods_Snippets.framework in Frameworks */ = {isa = PBXBuildFile; fileRef = C265514307D9E2F517A02E77 /* Pods_Snippets.framework */; };
/* End PBXBuildFile section */

/* Begin PBXFileReference section */
		0D00976B218BEB6100F4C86D /* Round Numbers.swift */ = {isa = PBXFileReference; lastKnownFileType = sourcecode.swift; path = "Round Numbers.swift"; sourceTree = "<group>"; };
		0D1DF571210F9E030011A273 /* Firebase Basic.swift */ = {isa = PBXFileReference; lastKnownFileType = sourcecode.swift; path = "Firebase Basic.swift"; sourceTree = "<group>"; };
		0D29C3C321139BE00010AD95 /* User Defaults.swift */ = {isa = PBXFileReference; lastKnownFileType = sourcecode.swift; path = "User Defaults.swift"; sourceTree = "<group>"; };
		0D2F5C4021249B6600DA3A2E /* Views.swift */ = {isa = PBXFileReference; lastKnownFileType = sourcecode.swift; path = Views.swift; sourceTree = "<group>"; };
		0D3FDDEF212DF3F100EF1E78 /* Animate Circle.swift */ = {isa = PBXFileReference; lastKnownFileType = sourcecode.swift; path = "Animate Circle.swift"; sourceTree = "<group>"; };
		0D5776672138447F00A8806B /* Gradient View.swift */ = {isa = PBXFileReference; lastKnownFileType = sourcecode.swift; path = "Gradient View.swift"; sourceTree = "<group>"; };
		0D6BE735215B424E005785D9 /* Function Declaration.swift */ = {isa = PBXFileReference; lastKnownFileType = sourcecode.swift; path = "Function Declaration.swift"; sourceTree = "<group>"; };
		0DA62857210F7F0E00277628 /* Snippets.app */ = {isa = PBXFileReference; explicitFileType = wrapper.application; includeInIndex = 0; path = Snippets.app; sourceTree = BUILT_PRODUCTS_DIR; };
		0DA6285A210F7F0E00277628 /* AppDelegate.swift */ = {isa = PBXFileReference; lastKnownFileType = sourcecode.swift; path = AppDelegate.swift; sourceTree = "<group>"; };
		0DA6285C210F7F0E00277628 /* ViewController.swift */ = {isa = PBXFileReference; lastKnownFileType = sourcecode.swift; path = ViewController.swift; sourceTree = "<group>"; };
		0DA6285F210F7F0E00277628 /* Base */ = {isa = PBXFileReference; lastKnownFileType = file.storyboard; name = Base; path = Base.lproj/Main.storyboard; sourceTree = "<group>"; };
		0DA62861210F7F0F00277628 /* Assets.xcassets */ = {isa = PBXFileReference; lastKnownFileType = folder.assetcatalog; path = Assets.xcassets; sourceTree = "<group>"; };
		0DA62864210F7F0F00277628 /* Base */ = {isa = PBXFileReference; lastKnownFileType = file.storyboard; name = Base; path = Base.lproj/LaunchScreen.storyboard; sourceTree = "<group>"; };
		0DA62866210F7F0F00277628 /* Info.plist */ = {isa = PBXFileReference; lastKnownFileType = text.plist.xml; path = Info.plist; sourceTree = "<group>"; };
		0DA6286C210F803B00277628 /* Network Call.swift */ = {isa = PBXFileReference; lastKnownFileType = sourcecode.swift; path = "Network Call.swift"; sourceTree = "<group>"; };
		0DA6286E210F809A00277628 /* Date Formatter.swift */ = {isa = PBXFileReference; lastKnownFileType = sourcecode.swift; path = "Date Formatter.swift"; sourceTree = "<group>"; };
		0DA62870210F856D00277628 /* Parse JSON.swift */ = {isa = PBXFileReference; lastKnownFileType = sourcecode.swift; path = "Parse JSON.swift"; sourceTree = "<group>"; };
		0DA62872210F942000277628 /* Valid Email.swift */ = {isa = PBXFileReference; lastKnownFileType = sourcecode.swift; path = "Valid Email.swift"; sourceTree = "<group>"; };
		0DA62874210F971700277628 /* Realm Basic.swift */ = {isa = PBXFileReference; lastKnownFileType = sourcecode.swift; path = "Realm Basic.swift"; sourceTree = "<group>"; };
		0DEB04212113CB94000EC94D /* Segmented Control.swift */ = {isa = PBXFileReference; lastKnownFileType = sourcecode.swift; path = "Segmented Control.swift"; sourceTree = "<group>"; };
		0DEB04412113D01D000EC94D /* Slider Control.swift */ = {isa = PBXFileReference; lastKnownFileType = sourcecode.swift; path = "Slider Control.swift"; sourceTree = "<group>"; };
		496B7B05B7B04A3273B379DF /* Pods-Snippets.debug.xcconfig */ = {isa = PBXFileReference; includeInIndex = 1; lastKnownFileType = text.xcconfig; name = "Pods-Snippets.debug.xcconfig"; path = "Target Support Files/Pods-Snippets/Pods-Snippets.debug.xcconfig"; sourceTree = "<group>"; };
		84897B8F25AFC1870079ED27 /* Binary Search.swift */ = {isa = PBXFileReference; lastKnownFileType = sourcecode.swift; path = "Binary Search.swift"; sourceTree = "<group>"; };
		9813EDD02294ABF500A938F1 /* Stack View.swift */ = {isa = PBXFileReference; lastKnownFileType = sourcecode.swift; path = "Stack View.swift"; sourceTree = "<group>"; };
		985AA3C7220CF9DF0088C5A8 /* Alert.swift */ = {isa = PBXFileReference; lastKnownFileType = sourcecode.swift; path = Alert.swift; sourceTree = "<group>"; };
		98904630225F8C050091DE89 /* Segues.swift */ = {isa = PBXFileReference; lastKnownFileType = sourcecode.swift; path = Segues.swift; sourceTree = "<group>"; };
		98A799E922946C5D003CE7D4 /* Delegate Model.swift */ = {isa = PBXFileReference; lastKnownFileType = sourcecode.swift; path = "Delegate Model.swift"; sourceTree = "<group>"; };
		C265514307D9E2F517A02E77 /* Pods_Snippets.framework */ = {isa = PBXFileReference; explicitFileType = wrapper.framework; includeInIndex = 0; path = Pods_Snippets.framework; sourceTree = BUILT_PRODUCTS_DIR; };
		CF7DD59243A886A775A7E3A1 /* Pods-Snippets.release.xcconfig */ = {isa = PBXFileReference; includeInIndex = 1; lastKnownFileType = text.xcconfig; name = "Pods-Snippets.release.xcconfig"; path = "Target Support Files/Pods-Snippets/Pods-Snippets.release.xcconfig"; sourceTree = "<group>"; };
/* End PBXFileReference section */

/* Begin PBXFrameworksBuildPhase section */
		0DA62854210F7F0E00277628 /* Frameworks */ = {
			isa = PBXFrameworksBuildPhase;
			buildActionMask = 2147483647;
			files = (
				E7794563A02FAE970A5E61C1 /* Pods_Snippets.framework in Frameworks */,
			);
			runOnlyForDeploymentPostprocessing = 0;
		};
/* End PBXFrameworksBuildPhase section */

/* Begin PBXGroup section */
		0DA6284E210F7F0E00277628 = {
			isa = PBXGroup;
			children = (
				0DA62859210F7F0E00277628 /* Snippets */,
				0DA62858210F7F0E00277628 /* Products */,
				C16D7EDE8EBA63BE5DF94470 /* Pods */,
				48F01F5CCA2392A65EAFB97C /* Frameworks */,
			);
			sourceTree = "<group>";
		};
		0DA62858210F7F0E00277628 /* Products */ = {
			isa = PBXGroup;
			children = (
				0DA62857210F7F0E00277628 /* Snippets.app */,
			);
			name = Products;
			sourceTree = "<group>";
		};
		0DA62859210F7F0E00277628 /* Snippets */ = {
			isa = PBXGroup;
			children = (
				0DA6285E210F7F0E00277628 /* Main.storyboard */,
				985AA3C7220CF9DF0088C5A8 /* Alert.swift */,
				0D3FDDEF212DF3F100EF1E78 /* Animate Circle.swift */,
				84897B8F25AFC1870079ED27 /* Binary Search.swift */,
				0DA6286E210F809A00277628 /* Date Formatter.swift */,
				98A799E922946C5D003CE7D4 /* Delegate Model.swift */,
				0D6BE735215B424E005785D9 /* Function Declaration.swift */,
				0D1DF571210F9E030011A273 /* Firebase Basic.swift */,
				0D5776672138447F00A8806B /* Gradient View.swift */,
				0DA6286C210F803B00277628 /* Network Call.swift */,
				0DA62870210F856D00277628 /* Parse JSON.swift */,
				0DA62874210F971700277628 /* Realm Basic.swift */,
				0D00976B218BEB6100F4C86D /* Round Numbers.swift */,
				0DEB04412113D01D000EC94D /* Slider Control.swift */,
				98904630225F8C050091DE89 /* Segues.swift */,
				0DEB04212113CB94000EC94D /* Segmented Control.swift */,
				9813EDD02294ABF500A938F1 /* Stack View.swift */,
				0D29C3C321139BE00010AD95 /* User Defaults.swift */,
				0DA6285C210F7F0E00277628 /* ViewController.swift */,
				0DA62872210F942000277628 /* Valid Email.swift */,
				0D2F5C4021249B6600DA3A2E /* Views.swift */,
				0DA62861210F7F0F00277628 /* Assets.xcassets */,
				0DA6285A210F7F0E00277628 /* AppDelegate.swift */,
				0DA62863210F7F0F00277628 /* LaunchScreen.storyboard */,
				0DA62866210F7F0F00277628 /* Info.plist */,
			);
			path = Snippets;
			sourceTree = "<group>";
		};
		48F01F5CCA2392A65EAFB97C /* Frameworks */ = {
			isa = PBXGroup;
			children = (
				C265514307D9E2F517A02E77 /* Pods_Snippets.framework */,
			);
			name = Frameworks;
			sourceTree = "<group>";
		};
		C16D7EDE8EBA63BE5DF94470 /* Pods */ = {
			isa = PBXGroup;
			children = (
				496B7B05B7B04A3273B379DF /* Pods-Snippets.debug.xcconfig */,
				CF7DD59243A886A775A7E3A1 /* Pods-Snippets.release.xcconfig */,
			);
			path = Pods;
			sourceTree = "<group>";
		};
/* End PBXGroup section */

/* Begin PBXNativeTarget section */
		0DA62856210F7F0E00277628 /* Snippets */ = {
			isa = PBXNativeTarget;
			buildConfigurationList = 0DA62869210F7F0F00277628 /* Build configuration list for PBXNativeTarget "Snippets" */;
			buildPhases = (
				46E5617771CCB4B61C8E891B /* [CP] Check Pods Manifest.lock */,
				0DA62853210F7F0E00277628 /* Sources */,
				0DA62854210F7F0E00277628 /* Frameworks */,
				0DA62855210F7F0E00277628 /* Resources */,
				05BB6C34FA7BD298C7D0E3B5 /* [CP] Embed Pods Frameworks */,
			);
			buildRules = (
			);
			dependencies = (
			);
			name = Snippets;
			productName = Snippets;
			productReference = 0DA62857210F7F0E00277628 /* Snippets.app */;
			productType = "com.apple.product-type.application";
		};
/* End PBXNativeTarget section */

/* Begin PBXProject section */
		0DA6284F210F7F0E00277628 /* Project object */ = {
			isa = PBXProject;
			attributes = {
				LastSwiftUpdateCheck = 0940;
				LastUpgradeCheck = 1220;
				ORGANIZATIONNAME = "Warren Hansen";
				TargetAttributes = {
					0DA62856210F7F0E00277628 = {
						CreatedOnToolsVersion = 9.4.1;
					};
				};
			};
			buildConfigurationList = 0DA62852210F7F0E00277628 /* Build configuration list for PBXProject "Snippets" */;
			compatibilityVersion = "Xcode 9.3";
			developmentRegion = en;
			hasScannedForEncodings = 0;
			knownRegions = (
				en,
				Base,
			);
			mainGroup = 0DA6284E210F7F0E00277628;
			productRefGroup = 0DA62858210F7F0E00277628 /* Products */;
			projectDirPath = "";
			projectRoot = "";
			targets = (
				0DA62856210F7F0E00277628 /* Snippets */,
			);
		};
/* End PBXProject section */

/* Begin PBXResourcesBuildPhase section */
		0DA62855210F7F0E00277628 /* Resources */ = {
			isa = PBXResourcesBuildPhase;
			buildActionMask = 2147483647;
			files = (
				0DA62865210F7F0F00277628 /* LaunchScreen.storyboard in Resources */,
				0DA62862210F7F0F00277628 /* Assets.xcassets in Resources */,
				0DA62860210F7F0E00277628 /* Main.storyboard in Resources */,
			);
			runOnlyForDeploymentPostprocessing = 0;
		};
/* End PBXResourcesBuildPhase section */

/* Begin PBXShellScriptBuildPhase section */
		05BB6C34FA7BD298C7D0E3B5 /* [CP] Embed Pods Frameworks */ = {
			isa = PBXShellScriptBuildPhase;
			buildActionMask = 2147483647;
			files = (
			);
			inputFileListPaths = (
				"${PODS_ROOT}/Target Support Files/Pods-Snippets/Pods-Snippets-frameworks-${CONFIGURATION}-input-files.xcfilelist",
			);
			name = "[CP] Embed Pods Frameworks";
			outputFileListPaths = (
				"${PODS_ROOT}/Target Support Files/Pods-Snippets/Pods-Snippets-frameworks-${CONFIGURATION}-output-files.xcfilelist",
			);
			runOnlyForDeploymentPostprocessing = 0;
			shellPath = /bin/sh;
			shellScript = "\"${PODS_ROOT}/Target Support Files/Pods-Snippets/Pods-Snippets-frameworks.sh\"\n";
			showEnvVarsInLog = 0;
		};
		46E5617771CCB4B61C8E891B /* [CP] Check Pods Manifest.lock */ = {
			isa = PBXShellScriptBuildPhase;
			buildActionMask = 2147483647;
			files = (
			);
			inputFileListPaths = (
			);
			inputPaths = (
				"${PODS_PODFILE_DIR_PATH}/Podfile.lock",
				"${PODS_ROOT}/Manifest.lock",
			);
			name = "[CP] Check Pods Manifest.lock";
			outputFileListPaths = (
			);
			outputPaths = (
				"$(DERIVED_FILE_DIR)/Pods-Snippets-checkManifestLockResult.txt",
			);
			runOnlyForDeploymentPostprocessing = 0;
			shellPath = /bin/sh;
			shellScript = "diff \"${PODS_PODFILE_DIR_PATH}/Podfile.lock\" \"${PODS_ROOT}/Manifest.lock\" > /dev/null\nif [ $? != 0 ] ; then\n    # print error to STDERR\n    echo \"error: The sandbox is not in sync with the Podfile.lock. Run 'pod install' or update your CocoaPods installation.\" >&2\n    exit 1\nfi\n# This output is used by Xcode 'outputs' to avoid re-running this script phase.\necho \"SUCCESS\" > \"${SCRIPT_OUTPUT_FILE_0}\"\n";
			showEnvVarsInLog = 0;
		};
/* End PBXShellScriptBuildPhase section */

/* Begin PBXSourcesBuildPhase section */
		0DA62853210F7F0E00277628 /* Sources */ = {
			isa = PBXSourcesBuildPhase;
			buildActionMask = 2147483647;
			files = (
				9813EDD12294ABF500A938F1 /* Stack View.swift in Sources */,
				0DA6285D210F7F0E00277628 /* ViewController.swift in Sources */,
				0DA6286F210F809A00277628 /* Date Formatter.swift in Sources */,
				84897B9025AFC1870079ED27 /* Binary Search.swift in Sources */,
				0D00976C218BEB6100F4C86D /* Round Numbers.swift in Sources */,
				98A799EA22946C5D003CE7D4 /* Delegate Model.swift in Sources */,
				985AA3C8220CF9DF0088C5A8 /* Alert.swift in Sources */,
				0D6BE736215B424E005785D9 /* Function Declaration.swift in Sources */,
				0D1DF572210F9E030011A273 /* Firebase Basic.swift in Sources */,
				0D3FDDF0212DF3F100EF1E78 /* Animate Circle.swift in Sources */,
				98904631225F8C050091DE89 /* Segues.swift in Sources */,
				0DA62873210F942000277628 /* Valid Email.swift in Sources */,
				0DA62875210F971700277628 /* Realm Basic.swift in Sources */,
				0DEB04222113CB94000EC94D /* Segmented Control.swift in Sources */,
				0DA6286D210F803B00277628 /* Network Call.swift in Sources */,
				0DA62871210F856D00277628 /* Parse JSON.swift in Sources */,
				0D2F5C4121249B6600DA3A2E /* Views.swift in Sources */,
				0DA6285B210F7F0E00277628 /* AppDelegate.swift in Sources */,
				0D5776682138447F00A8806B /* Gradient View.swift in Sources */,
				0DEB04422113D01D000EC94D /* Slider Control.swift in Sources */,
				0D29C3C421139BE00010AD95 /* User Defaults.swift in Sources */,
			);
			runOnlyForDeploymentPostprocessing = 0;
		};
/* End PBXSourcesBuildPhase section */

/* Begin PBXVariantGroup section */
		0DA6285E210F7F0E00277628 /* Main.storyboard */ = {
			isa = PBXVariantGroup;
			children = (
				0DA6285F210F7F0E00277628 /* Base */,
			);
			name = Main.storyboard;
			sourceTree = "<group>";
		};
		0DA62863210F7F0F00277628 /* LaunchScreen.storyboard */ = {
			isa = PBXVariantGroup;
			children = (
				0DA62864210F7F0F00277628 /* Base */,
			);
			name = LaunchScreen.storyboard;
			sourceTree = "<group>";
		};
/* End PBXVariantGroup section */

/* Begin XCBuildConfiguration section */
		0DA62867210F7F0F00277628 /* Debug */ = {
			isa = XCBuildConfiguration;
			buildSettings = {
				ALWAYS_SEARCH_USER_PATHS = NO;
				CLANG_ANALYZER_NONNULL = YES;
				CLANG_ANALYZER_NUMBER_OBJECT_CONVERSION = YES_AGGRESSIVE;
				CLANG_CXX_LANGUAGE_STANDARD = "gnu++14";
				CLANG_CXX_LIBRARY = "libc++";
				CLANG_ENABLE_MODULES = YES;
				CLANG_ENABLE_OBJC_ARC = YES;
				CLANG_ENABLE_OBJC_WEAK = YES;
				CLANG_WARN_BLOCK_CAPTURE_AUTORELEASING = YES;
				CLANG_WARN_BOOL_CONVERSION = YES;
				CLANG_WARN_COMMA = YES;
				CLANG_WARN_CONSTANT_CONVERSION = YES;
				CLANG_WARN_DEPRECATED_OBJC_IMPLEMENTATIONS = YES;
				CLANG_WARN_DIRECT_OBJC_ISA_USAGE = YES_ERROR;
				CLANG_WARN_DOCUMENTATION_COMMENTS = YES;
				CLANG_WARN_EMPTY_BODY = YES;
				CLANG_WARN_ENUM_CONVERSION = YES;
				CLANG_WARN_INFINITE_RECURSION = YES;
				CLANG_WARN_INT_CONVERSION = YES;
				CLANG_WARN_NON_LITERAL_NULL_CONVERSION = YES;
				CLANG_WARN_OBJC_IMPLICIT_RETAIN_SELF = YES;
				CLANG_WARN_OBJC_LITERAL_CONVERSION = YES;
				CLANG_WARN_OBJC_ROOT_CLASS = YES_ERROR;
				CLANG_WARN_QUOTED_INCLUDE_IN_FRAMEWORK_HEADER = YES;
				CLANG_WARN_RANGE_LOOP_ANALYSIS = YES;
				CLANG_WARN_STRICT_PROTOTYPES = YES;
				CLANG_WARN_SUSPICIOUS_MOVE = YES;
				CLANG_WARN_UNGUARDED_AVAILABILITY = YES_AGGRESSIVE;
				CLANG_WARN_UNREACHABLE_CODE = YES;
				CLANG_WARN__DUPLICATE_METHOD_MATCH = YES;
				CODE_SIGN_IDENTITY = "iPhone Developer";
				COPY_PHASE_STRIP = NO;
				DEBUG_INFORMATION_FORMAT = dwarf;
				ENABLE_STRICT_OBJC_MSGSEND = YES;
				ENABLE_TESTABILITY = YES;
				GCC_C_LANGUAGE_STANDARD = gnu11;
				GCC_DYNAMIC_NO_PIC = NO;
				GCC_NO_COMMON_BLOCKS = YES;
				GCC_OPTIMIZATION_LEVEL = 0;
				GCC_PREPROCESSOR_DEFINITIONS = (
					"DEBUG=1",
					"$(inherited)",
				);
				GCC_WARN_64_TO_32_BIT_CONVERSION = YES;
				GCC_WARN_ABOUT_RETURN_TYPE = YES_ERROR;
				GCC_WARN_UNDECLARED_SELECTOR = YES;
				GCC_WARN_UNINITIALIZED_AUTOS = YES_AGGRESSIVE;
				GCC_WARN_UNUSED_FUNCTION = YES;
				GCC_WARN_UNUSED_VARIABLE = YES;
				IPHONEOS_DEPLOYMENT_TARGET = 12.0;
				MTL_ENABLE_DEBUG_INFO = YES;
				ONLY_ACTIVE_ARCH = YES;
				SDKROOT = iphoneos;
				SWIFT_ACTIVE_COMPILATION_CONDITIONS = DEBUG;
				SWIFT_OPTIMIZATION_LEVEL = "-Onone";
			};
			name = Debug;
		};
		0DA62868210F7F0F00277628 /* Release */ = {
			isa = XCBuildConfiguration;
			buildSettings = {
				ALWAYS_SEARCH_USER_PATHS = NO;
				CLANG_ANALYZER_NONNULL = YES;
				CLANG_ANALYZER_NUMBER_OBJECT_CONVERSION = YES_AGGRESSIVE;
				CLANG_CXX_LANGUAGE_STANDARD = "gnu++14";
				CLANG_CXX_LIBRARY = "libc++";
				CLANG_ENABLE_MODULES = YES;
				CLANG_ENABLE_OBJC_ARC = YES;
				CLANG_ENABLE_OBJC_WEAK = YES;
				CLANG_WARN_BLOCK_CAPTURE_AUTORELEASING = YES;
				CLANG_WARN_BOOL_CONVERSION = YES;
				CLANG_WARN_COMMA = YES;
				CLANG_WARN_CONSTANT_CONVERSION = YES;
				CLANG_WARN_DEPRECATED_OBJC_IMPLEMENTATIONS = YES;
				CLANG_WARN_DIRECT_OBJC_ISA_USAGE = YES_ERROR;
				CLANG_WARN_DOCUMENTATION_COMMENTS = YES;
				CLANG_WARN_EMPTY_BODY = YES;
				CLANG_WARN_ENUM_CONVERSION = YES;
				CLANG_WARN_INFINITE_RECURSION = YES;
				CLANG_WARN_INT_CONVERSION = YES;
				CLANG_WARN_NON_LITERAL_NULL_CONVERSION = YES;
				CLANG_WARN_OBJC_IMPLICIT_RETAIN_SELF = YES;
				CLANG_WARN_OBJC_LITERAL_CONVERSION = YES;
				CLANG_WARN_OBJC_ROOT_CLASS = YES_ERROR;
				CLANG_WARN_QUOTED_INCLUDE_IN_FRAMEWORK_HEADER = YES;
				CLANG_WARN_RANGE_LOOP_ANALYSIS = YES;
				CLANG_WARN_STRICT_PROTOTYPES = YES;
				CLANG_WARN_SUSPICIOUS_MOVE = YES;
				CLANG_WARN_UNGUARDED_AVAILABILITY = YES_AGGRESSIVE;
				CLANG_WARN_UNREACHABLE_CODE = YES;
				CLANG_WARN__DUPLICATE_METHOD_MATCH = YES;
				CODE_SIGN_IDENTITY = "iPhone Developer";
				COPY_PHASE_STRIP = NO;
				DEBUG_INFORMATION_FORMAT = "dwarf-with-dsym";
				ENABLE_NS_ASSERTIONS = NO;
				ENABLE_STRICT_OBJC_MSGSEND = YES;
				GCC_C_LANGUAGE_STANDARD = gnu11;
				GCC_NO_COMMON_BLOCKS = YES;
				GCC_WARN_64_TO_32_BIT_CONVERSION = YES;
				GCC_WARN_ABOUT_RETURN_TYPE = YES_ERROR;
				GCC_WARN_UNDECLARED_SELECTOR = YES;
				GCC_WARN_UNINITIALIZED_AUTOS = YES_AGGRESSIVE;
				GCC_WARN_UNUSED_FUNCTION = YES;
				GCC_WARN_UNUSED_VARIABLE = YES;
				IPHONEOS_DEPLOYMENT_TARGET = 12.0;
				MTL_ENABLE_DEBUG_INFO = NO;
				SDKROOT = iphoneos;
				SWIFT_COMPILATION_MODE = wholemodule;
				SWIFT_OPTIMIZATION_LEVEL = "-O";
				VALIDATE_PRODUCT = YES;
			};
			name = Release;
		};
		0DA6286A210F7F0F00277628 /* Debug */ = {
			isa = XCBuildConfiguration;
			baseConfigurationReference = 496B7B05B7B04A3273B379DF /* Pods-Snippets.debug.xcconfig */;
			buildSettings = {
				ASSETCATALOG_COMPILER_APPICON_NAME = AppIcon;
				CODE_SIGN_STYLE = Automatic;
				DEVELOPMENT_TEAM = 22U4CL887R;
				INFOPLIST_FILE = Snippets/Info.plist;
				LD_RUNPATH_SEARCH_PATHS = (
					"$(inherited)",
					"@executable_path/Frameworks",
				);
				PRODUCT_BUNDLE_IDENTIFIER = net.tradestrat.Snippets;
				PRODUCT_NAME = "$(TARGET_NAME)";
				SWIFT_VERSION = 4.0;
				TARGETED_DEVICE_FAMILY = "1,2";
			};
			name = Debug;
		};
		0DA6286B210F7F0F00277628 /* Release */ = {
			isa = XCBuildConfiguration;
			baseConfigurationReference = CF7DD59243A886A775A7E3A1 /* Pods-Snippets.release.xcconfig */;
			buildSettings = {
				ASSETCATALOG_COMPILER_APPICON_NAME = AppIcon;
				CODE_SIGN_STYLE = Automatic;
				DEVELOPMENT_TEAM = 22U4CL887R;
				INFOPLIST_FILE = Snippets/Info.plist;
				LD_RUNPATH_SEARCH_PATHS = (
					"$(inherited)",
					"@executable_path/Frameworks",
				);
				PRODUCT_BUNDLE_IDENTIFIER = net.tradestrat.Snippets;
				PRODUCT_NAME = "$(TARGET_NAME)";
				SWIFT_VERSION = 4.0;
				TARGETED_DEVICE_FAMILY = "1,2";
			};
			name = Release;
		};
/* End XCBuildConfiguration section */

/* Begin XCConfigurationList section */
		0DA62852210F7F0E00277628 /* Build configuration list for PBXProject "Snippets" */ = {
			isa = XCConfigurationList;
			buildConfigurations = (
				0DA62867210F7F0F00277628 /* Debug */,
				0DA62868210F7F0F00277628 /* Release */,
			);
			defaultConfigurationIsVisible = 0;
			defaultConfigurationName = Release;
		};
		0DA62869210F7F0F00277628 /* Build configuration list for PBXNativeTarget "Snippets" */ = {
			isa = XCConfigurationList;
			buildConfigurations = (
				0DA6286A210F7F0F00277628 /* Debug */,
				0DA6286B210F7F0F00277628 /* Release */,
			);
			defaultConfigurationIsVisible = 0;
			defaultConfigurationName = Release;
		};
/* End XCConfigurationList section */
	};
	rootObject = 0DA6284F210F7F0E00277628 /* Project object */;
}
